<?xml version="1.0" encoding="utf-8"?>
<Project ToolsVersion="4.0" xmlns="http://schemas.microsoft.com/developer/msbuild/2003">
  <ItemGroup>
    <Filter Include="Source Files">
      <UniqueIdentifier>{4FC737F1-C7A5-4376-A066-2A32D752A2FF}</UniqueIdentifier>
      <Extensions>cpp;c;cc;cxx;def;odl;idl;hpj;bat;asm;asmx</Extensions>
    </Filter>
    <Filter Include="Header Files">
      <UniqueIdentifier>{93995380-89BD-4b04-88EB-625FBE52EBFB}</UniqueIdentifier>
      <Extensions>h;hpp;hxx;hm;inl;inc;xsd</Extensions>
    </Filter>
    <Filter Include="Resource Files">
      <UniqueIdentifier>{67DA6AB6-F800-4c08-8B7A-83BB121AAD01}</UniqueIdentifier>
      <Extensions>rc;ico;cur;bmp;dlg;rc2;rct;bin;rgs;gif;jpg;jpeg;jpe;resx;tiff;tif;png;wav;mfcribbon-ms</Extensions>
    </Filter>
    <Filter Include="RPI_GPIO">
      <UniqueIdentifier>{8afc1cac-6734-47e9-8fed-68f9f9a3dc1e}</UniqueIdentifier>
    </Filter>
  </ItemGroup>
  <ItemGroup>
    <ClCompile Include="main.cpp">
      <Filter>Source Files</Filter>
    </ClCompile>
    <ClCompile Include="smartnode.cpp">
      <Filter>Source Files</Filter>
    </ClCompile>
    <ClCompile Include="rpc_remote_controller.cpp">
      <Filter>Source Files</Filter>
    </ClCompile>
    <ClCompile Include="edge_sensor.cpp">
      <Filter>Source Files</Filter>
    </ClCompile>
    <ClCompile Include="httpSvr_out_layer.cpp">
      <Filter>Source Files</Filter>
    </ClCompile>
    <ClCompile Include="GPIOClass.cpp">
      <Filter>RPI_GPIO</Filter>
    </ClCompile>
  </ItemGroup>
  <ItemGroup>
    <ClInclude Include="smartnode.h">
      <Filter>Header Files</Filter>
    </ClInclude>
    <ClInclude Include="rpc_remote_controller.h">
      <Filter>Header Files</Filter>
    </ClInclude>
    <ClInclude Include="edge_sensor.h">
      <Filter>Header Files</Filter>
    </ClInclude>
    <ClInclude Include="httpSvr_out_layer.h">
      <Filter>Header Files</Filter>
    </ClInclude>
    <ClInclude Include="rf24.h">
      <Filter>Header Files</Filter>
    </ClInclude>
    <ClInclude Include="GPIOClass.h">
      <Filter>RPI_GPIO</Filter>
    </ClInclude>
  </ItemGroup>
</Project>