
Microsoft Visual Studio Solution File, Format Version 11.00
# Visual Studio 2010
Project("{2150E333-8FDC-42A3-9474-1A3956D46DE8}") = "libs", "libs", "{659BE394-A3AC-4F60-B9B4-701FB4B61639}"
EndProject
Project("{2150E333-8FDC-42A3-9474-1A3956D46DE8}") = "modules", "modules", "{E27F601E-A605-4758-9CFC-AAEFB33B614C}"
EndProject
Project("{8BC9CEB8-8B4A-11D0-8D11-00A0C91BC942}") = "smartswitch", "smartswitch.vcxproj", "{255C9179-800F-4374-9EBA-02D2FB8B91E6}"
	ProjectSection(ProjectDependencies) = postProject
		{863EAB0B-01FD-4F4A-962E-EFC49B5B39AD} = {863EAB0B-01FD-4F4A-962E-EFC49B5B39AD}
		{6EEC3632-7199-4000-B185-EB27E65FC624} = {6EEC3632-7199-4000-B185-EB27E65FC624}
		{F3370F38-9DE4-4942-AD6D-C392FCB6F653} = {F3370F38-9DE4-4942-AD6D-C392FCB6F653}
		{895EB340-F8A0-4C1F-8F55-128809E46E87} = {895EB340-F8A0-4C1F-8F55-128809E46E87}
		{DDD3AAC1-804D-4291-9C9F-F1703D323FEE} = {DDD3AAC1-804D-4291-9C9F-F1703D323FEE}
		{C9DDC9D7-E4CA-4CFF-B31C-96DDAE712011} = {C9DDC9D7-E4CA-4CFF-B31C-96DDAE712011}
	EndProjectSection
EndProject
Project("{8BC9CEB8-8B4A-11D0-8D11-00A0C91BC942}") = "libcommon", "..\libs\libcommon\libcommon.vcxproj", "{895EB340-F8A0-4C1F-8F55-128809E46E87}"
EndProject
Project("{8BC9CEB8-8B4A-11D0-8D11-00A0C91BC942}") = "libtransport", "..\libs\libtransport\libtransport.vcxproj", "{6EEC3632-7199-4000-B185-EB27E65FC624}"
	ProjectSection(ProjectDependencies) = postProject
		{895EB340-F8A0-4C1F-8F55-128809E46E87} = {895EB340-F8A0-4C1F-8F55-128809E46E87}
	EndProjectSection
EndProject
Project("{8BC9CEB8-8B4A-11D0-8D11-00A0C91BC942}") = "NotificationCenter", "..\libs\NotificationCenter\NotificationCenter.vcxproj", "{863EAB0B-01FD-4F4A-962E-EFC49B5B39AD}"
	ProjectSection(ProjectDependencies) = postProject
		{895EB340-F8A0-4C1F-8F55-128809E46E87} = {895EB340-F8A0-4C1F-8F55-128809E46E87}
	EndProjectSection
EndProject
Project("{8BC9CEB8-8B4A-11D0-8D11-00A0C91BC942}") = "discovery", "..\modules\discovery\discovery.vcxproj", "{F3370F38-9DE4-4942-AD6D-C392FCB6F653}"
	ProjectSection(ProjectDependencies) = postProject
		{895EB340-F8A0-4C1F-8F55-128809E46E87} = {895EB340-F8A0-4C1F-8F55-128809E46E87}
	EndProjectSection
EndProject
Project("{8BC9CEB8-8B4A-11D0-8D11-00A0C91BC942}") = "http_server", "..\modules\http_server\http_server.vcxproj", "{DDD3AAC1-804D-4291-9C9F-F1703D323FEE}"
	ProjectSection(ProjectDependencies) = postProject
		{6EEC3632-7199-4000-B185-EB27E65FC624} = {6EEC3632-7199-4000-B185-EB27E65FC624}
		{895EB340-F8A0-4C1F-8F55-128809E46E87} = {895EB340-F8A0-4C1F-8F55-128809E46E87}
	EndProjectSection
EndProject
Project("{8BC9CEB8-8B4A-11D0-8D11-00A0C91BC942}") = "xmlrpc_server", "..\modules\xmlrpc_server\xmlrpc_server.vcxproj", "{C9DDC9D7-E4CA-4CFF-B31C-96DDAE712011}"
	ProjectSection(ProjectDependencies) = postProject
		{6EEC3632-7199-4000-B185-EB27E65FC624} = {6EEC3632-7199-4000-B185-EB27E65FC624}
		{895EB340-F8A0-4C1F-8F55-128809E46E87} = {895EB340-F8A0-4C1F-8F55-128809E46E87}
		{DDD3AAC1-804D-4291-9C9F-F1703D323FEE} = {DDD3AAC1-804D-4291-9C9F-F1703D323FEE}
	EndProjectSection
EndProject
Global
	GlobalSection(SolutionConfigurationPlatforms) = preSolution
		Debug|Win32 = Debug|Win32
		Debug|x64 = Debug|x64
		Release|Win32 = Release|Win32
		Release|x64 = Release|x64
	EndGlobalSection
	GlobalSection(ProjectConfigurationPlatforms) = postSolution
		{255C9179-800F-4374-9EBA-02D2FB8B91E6}.Debug|Win32.ActiveCfg = Debug|Win32
		{255C9179-800F-4374-9EBA-02D2FB8B91E6}.Debug|Win32.Build.0 = Debug|Win32
		{255C9179-800F-4374-9EBA-02D2FB8B91E6}.Debug|x64.ActiveCfg = Debug|x64
		{255C9179-800F-4374-9EBA-02D2FB8B91E6}.Debug|x64.Build.0 = Debug|x64
		{255C9179-800F-4374-9EBA-02D2FB8B91E6}.Release|Win32.ActiveCfg = Release|Win32
		{255C9179-800F-4374-9EBA-02D2FB8B91E6}.Release|Win32.Build.0 = Release|Win32
		{255C9179-800F-4374-9EBA-02D2FB8B91E6}.Release|x64.ActiveCfg = Release|x64
		{255C9179-800F-4374-9EBA-02D2FB8B91E6}.Release|x64.Build.0 = Release|x64
		{895EB340-F8A0-4C1F-8F55-128809E46E87}.Debug|Win32.ActiveCfg = Debug|Win32
		{895EB340-F8A0-4C1F-8F55-128809E46E87}.Debug|Win32.Build.0 = Debug|Win32
		{895EB340-F8A0-4C1F-8F55-128809E46E87}.Debug|x64.ActiveCfg = Debug|x64
		{895EB340-F8A0-4C1F-8F55-128809E46E87}.Debug|x64.Build.0 = Debug|x64
		{895EB340-F8A0-4C1F-8F55-128809E46E87}.Release|Win32.ActiveCfg = Release|Win32
		{895EB340-F8A0-4C1F-8F55-128809E46E87}.Release|Win32.Build.0 = Release|Win32
		{895EB340-F8A0-4C1F-8F55-128809E46E87}.Release|x64.ActiveCfg = Release|x64
		{895EB340-F8A0-4C1F-8F55-128809E46E87}.Release|x64.Build.0 = Release|x64
		{6EEC3632-7199-4000-B185-EB27E65FC624}.Debug|Win32.ActiveCfg = Debug|Win32
		{6EEC3632-7199-4000-B185-EB27E65FC624}.Debug|Win32.Build.0 = Debug|Win32
		{6EEC3632-7199-4000-B185-EB27E65FC624}.Debug|x64.ActiveCfg = Debug|x64
		{6EEC3632-7199-4000-B185-EB27E65FC624}.Debug|x64.Build.0 = Debug|x64
		{6EEC3632-7199-4000-B185-EB27E65FC624}.Release|Win32.ActiveCfg = Release|Win32
		{6EEC3632-7199-4000-B185-EB27E65FC624}.Release|Win32.Build.0 = Release|Win32
		{6EEC3632-7199-4000-B185-EB27E65FC624}.Release|x64.ActiveCfg = Release|x64
		{6EEC3632-7199-4000-B185-EB27E65FC624}.Release|x64.Build.0 = Release|x64
		{863EAB0B-01FD-4F4A-962E-EFC49B5B39AD}.Debug|Win32.ActiveCfg = Debug|Win32
		{863EAB0B-01FD-4F4A-962E-EFC49B5B39AD}.Debug|Win32.Build.0 = Debug|Win32
		{863EAB0B-01FD-4F4A-962E-EFC49B5B39AD}.Debug|x64.ActiveCfg = Debug|x64
		{863EAB0B-01FD-4F4A-962E-EFC49B5B39AD}.Debug|x64.Build.0 = Debug|x64
		{863EAB0B-01FD-4F4A-962E-EFC49B5B39AD}.Release|Win32.ActiveCfg = Release|Win32
		{863EAB0B-01FD-4F4A-962E-EFC49B5B39AD}.Release|Win32.Build.0 = Release|Win32
		{863EAB0B-01FD-4F4A-962E-EFC49B5B39AD}.Release|x64.ActiveCfg = Release|x64
		{863EAB0B-01FD-4F4A-962E-EFC49B5B39AD}.Release|x64.Build.0 = Release|x64
		{F3370F38-9DE4-4942-AD6D-C392FCB6F653}.Debug|Win32.ActiveCfg = Debug|Win32
		{F3370F38-9DE4-4942-AD6D-C392FCB6F653}.Debug|Win32.Build.0 = Debug|Win32
		{F3370F38-9DE4-4942-AD6D-C392FCB6F653}.Debug|x64.ActiveCfg = Debug|x64
		{F3370F38-9DE4-4942-AD6D-C392FCB6F653}.Debug|x64.Build.0 = Debug|x64
		{F3370F38-9DE4-4942-AD6D-C392FCB6F653}.Release|Win32.ActiveCfg = Release|Win32
		{F3370F38-9DE4-4942-AD6D-C392FCB6F653}.Release|Win32.Build.0 = Release|Win32
		{F3370F38-9DE4-4942-AD6D-C392FCB6F653}.Release|x64.ActiveCfg = Release|x64
		{F3370F38-9DE4-4942-AD6D-C392FCB6F653}.Release|x64.Build.0 = Release|x64
		{DDD3AAC1-804D-4291-9C9F-F1703D323FEE}.Debug|Win32.ActiveCfg = Debug|Win32
		{DDD3AAC1-804D-4291-9C9F-F1703D323FEE}.Debug|Win32.Build.0 = Debug|Win32
		{DDD3AAC1-804D-4291-9C9F-F1703D323FEE}.Debug|x64.ActiveCfg = Debug|x64
		{DDD3AAC1-804D-4291-9C9F-F1703D323FEE}.Debug|x64.Build.0 = Debug|x64
		{DDD3AAC1-804D-4291-9C9F-F1703D323FEE}.Release|Win32.ActiveCfg = Release|Win32
		{DDD3AAC1-804D-4291-9C9F-F1703D323FEE}.Release|Win32.Build.0 = Release|Win32
		{DDD3AAC1-804D-4291-9C9F-F1703D323FEE}.Release|x64.ActiveCfg = Release|x64
		{DDD3AAC1-804D-4291-9C9F-F1703D323FEE}.Release|x64.Build.0 = Release|x64
		{C9DDC9D7-E4CA-4CFF-B31C-96DDAE712011}.Debug|Win32.ActiveCfg = Debug|Win32
		{C9DDC9D7-E4CA-4CFF-B31C-96DDAE712011}.Debug|Win32.Build.0 = Debug|Win32
		{C9DDC9D7-E4CA-4CFF-B31C-96DDAE712011}.Debug|x64.ActiveCfg = Debug|x64
		{C9DDC9D7-E4CA-4CFF-B31C-96DDAE712011}.Debug|x64.Build.0 = Debug|x64
		{C9DDC9D7-E4CA-4CFF-B31C-96DDAE712011}.Release|Win32.ActiveCfg = Release|Win32
		{C9DDC9D7-E4CA-4CFF-B31C-96DDAE712011}.Release|Win32.Build.0 = Release|Win32
		{C9DDC9D7-E4CA-4CFF-B31C-96DDAE712011}.Release|x64.ActiveCfg = Release|x64
		{C9DDC9D7-E4CA-4CFF-B31C-96DDAE712011}.Release|x64.Build.0 = Release|x64
	EndGlobalSection
	GlobalSection(SolutionProperties) = preSolution
		HideSolutionNode = FALSE
	EndGlobalSection
	GlobalSection(NestedProjects) = preSolution
		{895EB340-F8A0-4C1F-8F55-128809E46E87} = {659BE394-A3AC-4F60-B9B4-701FB4B61639}
		{6EEC3632-7199-4000-B185-EB27E65FC624} = {659BE394-A3AC-4F60-B9B4-701FB4B61639}
		{863EAB0B-01FD-4F4A-962E-EFC49B5B39AD} = {659BE394-A3AC-4F60-B9B4-701FB4B61639}
		{F3370F38-9DE4-4942-AD6D-C392FCB6F653} = {E27F601E-A605-4758-9CFC-AAEFB33B614C}
		{DDD3AAC1-804D-4291-9C9F-F1703D323FEE} = {E27F601E-A605-4758-9CFC-AAEFB33B614C}
		{C9DDC9D7-E4CA-4CFF-B31C-96DDAE712011} = {E27F601E-A605-4758-9CFC-AAEFB33B614C}
	EndGlobalSection
EndGlobal
