<?xml version="1.0" encoding="utf-8"?>
<Project ToolsVersion="4.0" xmlns="http://schemas.microsoft.com/developer/msbuild/2003">
  <ItemGroup>
    <ClCompile Include="..\libcommon\service_engine.cpp">
      <Filter>Source Files</Filter>
    </ClCompile>
    <ClCompile Include="logger_windows.cpp">
      <Filter>Source Files</Filter>
    </ClCompile>
    <ClCompile Include="properties_value_general_limitation.cpp">
      <Filter>Source Files</Filter>
    </ClCompile>
    <ClCompile Include="properties.cpp">
      <Filter>Source Files</Filter>
    </ClCompile>
    <ClCompile Include="xmlrpc_datetime.cpp">
      <Filter>Source Files</Filter>
    </ClCompile>
  </ItemGroup>
  <ItemGroup>
    <ClInclude Include="..\libcommon\libcommon_config.h">
      <Filter>Header Files</Filter>
    </ClInclude>
    <ClInclude Include="..\libcommon\service_engine.hpp">
      <Filter>Header Files</Filter>
    </ClInclude>
    <ClInclude Include="logger.hpp">
      <Filter>Header Files</Filter>
    </ClInclude>
    <ClInclude Include="properties.hpp">
      <Filter>Header Files</Filter>
    </ClInclude>
    <ClInclude Include="properties_value_general_limitation.hpp">
      <Filter>Header Files</Filter>
    </ClInclude>
    <ClInclude Include="properties_value_limitation_if.hpp">
      <Filter>Header Files</Filter>
    </ClInclude>
    <ClInclude Include="xmlrpc_datetime.hpp">
      <Filter>Header Files</Filter>
    </ClInclude>
  </ItemGroup>
  <ItemGroup>
    <Filter Include="Header Files">
      <UniqueIdentifier>{bf20765f-a6db-4436-aac4-d2cedceba03e}</UniqueIdentifier>
    </Filter>
    <Filter Include="Source Files">
      <UniqueIdentifier>{9287e8c1-2851-46b0-84b0-89b9623fb21f}</UniqueIdentifier>
    </Filter>
  </ItemGroup>
</Project>